# This file is automatically @generated by Cargo.
# It is not intended for manual editing.
version = 4

[[package]]
name = "driver"
version = "0.1.0"
dependencies = [
 "graph",
 "shared",
 "tree",
]

[[package]]
name = "graph"
version = "0.1.0"
dependencies = [
 "shared",
]

[[package]]
name = "shared"
version = "0.1.0"

[[package]]
name = "tree"
version = "0.1.0"
dependencies = [
 "shared",
]
